
Microsoft Visual Studio Solution File, Format Version 12.00
# Visual Studio Version 17
VisualStudioVersion = 17.14.36301.6
MinimumVisualStudioVersion = 10.0.40219.1
Project("{FAE04EC0-301F-11D3-BF4B-00C04F79EFBC}") = "1DefaultTemplate", "1DefaultTemplate\1DefaultTemplate.csproj", "{8B91F702-8BB2-4378-9E95-842A3B8D8198}"
EndProject
Project("{FAE04EC0-301F-11D3-BF4B-00C04F79EFBC}") = "2HelloWorld", "2HelloWorld\2HelloWorld.csproj", "{CC3D28D1-CD3F-4D1D-ADED-2EBFE4B9B6C7}"
EndProject
Project("{FAE04EC0-301F-11D3-BF4B-00C04F79EFBC}") = "3Routes", "3Routes\3Routes.csproj", "{C72D8FCF-1B79-4F36-9036-F4C0B4868B47}"
EndProject
Project("{FAE04EC0-301F-11D3-BF4B-00C04F79EFBC}") = "4SimpleApi", "4SimpleApi\4SimpleApi.csproj", "{7D95EFCD-FA39-40CE-BA66-6AA5FB5D521B}"
EndProject
Project("{FAE04EC0-301F-11D3-BF4B-00C04F79EFBC}") = "4Middlewares", "4Middlewares\4Middlewares.csproj", "{898FB758-7C96-43BF-93F8-4AE39DB17445}"
EndProject
Global
	GlobalSection(SolutionConfigurationPlatforms) = preSolution
		Debug|Any CPU = Debug|Any CPU
		Release|Any CPU = Release|Any CPU
	EndGlobalSection
	GlobalSection(ProjectConfigurationPlatforms) = postSolution
		{8B91F702-8BB2-4378-9E95-842A3B8D8198}.Debug|Any CPU.ActiveCfg = Debug|Any CPU
		{8B91F702-8BB2-4378-9E95-842A3B8D8198}.Debug|Any CPU.Build.0 = Debug|Any CPU
		{8B91F702-8BB2-4378-9E95-842A3B8D8198}.Release|Any CPU.ActiveCfg = Release|Any CPU
		{8B91F702-8BB2-4378-9E95-842A3B8D8198}.Release|Any CPU.Build.0 = Release|Any CPU
		{CC3D28D1-CD3F-4D1D-ADED-2EBFE4B9B6C7}.Debug|Any CPU.ActiveCfg = Debug|Any CPU
		{CC3D28D1-CD3F-4D1D-ADED-2EBFE4B9B6C7}.Debug|Any CPU.Build.0 = Debug|Any CPU
		{CC3D28D1-CD3F-4D1D-ADED-2EBFE4B9B6C7}.Release|Any CPU.ActiveCfg = Release|Any CPU
		{CC3D28D1-CD3F-4D1D-ADED-2EBFE4B9B6C7}.Release|Any CPU.Build.0 = Release|Any CPU
		{C72D8FCF-1B79-4F36-9036-F4C0B4868B47}.Debug|Any CPU.ActiveCfg = Debug|Any CPU
		{C72D8FCF-1B79-4F36-9036-F4C0B4868B47}.Debug|Any CPU.Build.0 = Debug|Any CPU
		{C72D8FCF-1B79-4F36-9036-F4C0B4868B47}.Release|Any CPU.ActiveCfg = Release|Any CPU
		{C72D8FCF-1B79-4F36-9036-F4C0B4868B47}.Release|Any CPU.Build.0 = Release|Any CPU
		{7D95EFCD-FA39-40CE-BA66-6AA5FB5D521B}.Debug|Any CPU.ActiveCfg = Debug|Any CPU
		{7D95EFCD-FA39-40CE-BA66-6AA5FB5D521B}.Debug|Any CPU.Build.0 = Debug|Any CPU
		{7D95EFCD-FA39-40CE-BA66-6AA5FB5D521B}.Release|Any CPU.ActiveCfg = Release|Any CPU
		{7D95EFCD-FA39-40CE-BA66-6AA5FB5D521B}.Release|Any CPU.Build.0 = Release|Any CPU
		{898FB758-7C96-43BF-93F8-4AE39DB17445}.Debug|Any CPU.ActiveCfg = Debug|Any CPU
		{898FB758-7C96-43BF-93F8-4AE39DB17445}.Debug|Any CPU.Build.0 = Debug|Any CPU
		{898FB758-7C96-43BF-93F8-4AE39DB17445}.Release|Any CPU.ActiveCfg = Release|Any CPU
		{898FB758-7C96-43BF-93F8-4AE39DB17445}.Release|Any CPU.Build.0 = Release|Any CPU
	EndGlobalSection
	GlobalSection(SolutionProperties) = preSolution
		HideSolutionNode = FALSE
	EndGlobalSection
	GlobalSection(ExtensibilityGlobals) = postSolution
		SolutionGuid = {40860247-6DC4-420E-9BC9-894E66CAF43B}
	EndGlobalSection
EndGlobal
