
Microsoft Visual Studio Solution File, Format Version 12.00
# Visual Studio Version 17
VisualStudioVersion = 17.14.36301.6
MinimumVisualStudioVersion = 10.0.40219.1
Project("{FAE04EC0-301F-11D3-BF4B-00C04F79EFBC}") = "1DefaultTemplate", "1DefaultTemplate\1DefaultTemplate.csproj", "{8B91F702-8BB2-4378-9E95-842A3B8D8198}"
EndProject
Project("{FAE04EC0-301F-11D3-BF4B-00C04F79EFBC}") = "2HelloWorld", "2HelloWorld\2HelloWorld.csproj", "{CC3D28D1-CD3F-4D1D-ADED-2EBFE4B9B6C7}"
EndProject
Project("{FAE04EC0-301F-11D3-BF4B-00C04F79EFBC}") = "3Routes", "3Routes\3Routes.csproj", "{C72D8FCF-1B79-4F36-9036-F4C0B4868B47}"
EndProject
Project("{FAE04EC0-301F-11D3-BF4B-00C04F79EFBC}") = "4Middlewares", "4Middlewares\4Middlewares.csproj", "{898FB758-7C96-43BF-93F8-4AE39DB17445}"
EndProject
Project("{FAE04EC0-301F-11D3-BF4B-00C04F79EFBC}") = "5Controllers", "5Controllers\5Controllers.csproj", "{E39600F6-354E-464F-9A6D-5A9EB5363112}"
EndProject
Project("{FAE04EC0-301F-11D3-BF4B-00C04F79EFBC}") = "6Model", "6Model\6Model.csproj", "{755138B5-6B51-4F64-B7E3-D921ED9BEE6F}"
EndProject
Project("{FAE04EC0-301F-11D3-BF4B-00C04F79EFBC}") = "7RepositoryPattern", "7RepositoryPattern\7RepositoryPattern.csproj", "{F7718F4A-8807-4E53-BA16-5759A38F8AFC}"
EndProject
Project("{FAE04EC0-301F-11D3-BF4B-00C04F79EFBC}") = "8EFCCodeFirstApproach", "8EFCCodeFirstApproach\8EFCCodeFirstApproach.csproj", "{4CF25D55-AC60-4BA0-8E62-3C564840ECD4}"
EndProject
Project("{FAE04EC0-301F-11D3-BF4B-00C04F79EFBC}") = "9EFCDatabaseApproach", "9EFCDatabaseApproach\9EFCDatabaseApproach.csproj", "{AE6B1FB4-82C1-49BB-8D48-E5AE232FC713}"
EndProject
Global
	GlobalSection(SolutionConfigurationPlatforms) = preSolution
		Debug|Any CPU = Debug|Any CPU
		Release|Any CPU = Release|Any CPU
	EndGlobalSection
	GlobalSection(ProjectConfigurationPlatforms) = postSolution
		{8B91F702-8BB2-4378-9E95-842A3B8D8198}.Debug|Any CPU.ActiveCfg = Debug|Any CPU
		{8B91F702-8BB2-4378-9E95-842A3B8D8198}.Debug|Any CPU.Build.0 = Debug|Any CPU
		{8B91F702-8BB2-4378-9E95-842A3B8D8198}.Release|Any CPU.ActiveCfg = Release|Any CPU
		{8B91F702-8BB2-4378-9E95-842A3B8D8198}.Release|Any CPU.Build.0 = Release|Any CPU
		{CC3D28D1-CD3F-4D1D-ADED-2EBFE4B9B6C7}.Debug|Any CPU.ActiveCfg = Debug|Any CPU
		{CC3D28D1-CD3F-4D1D-ADED-2EBFE4B9B6C7}.Debug|Any CPU.Build.0 = Debug|Any CPU
		{CC3D28D1-CD3F-4D1D-ADED-2EBFE4B9B6C7}.Release|Any CPU.ActiveCfg = Release|Any CPU
		{CC3D28D1-CD3F-4D1D-ADED-2EBFE4B9B6C7}.Release|Any CPU.Build.0 = Release|Any CPU
		{C72D8FCF-1B79-4F36-9036-F4C0B4868B47}.Debug|Any CPU.ActiveCfg = Debug|Any CPU
		{C72D8FCF-1B79-4F36-9036-F4C0B4868B47}.Debug|Any CPU.Build.0 = Debug|Any CPU
		{C72D8FCF-1B79-4F36-9036-F4C0B4868B47}.Release|Any CPU.ActiveCfg = Release|Any CPU
		{C72D8FCF-1B79-4F36-9036-F4C0B4868B47}.Release|Any CPU.Build.0 = Release|Any CPU
		{898FB758-7C96-43BF-93F8-4AE39DB17445}.Debug|Any CPU.ActiveCfg = Debug|Any CPU
		{898FB758-7C96-43BF-93F8-4AE39DB17445}.Debug|Any CPU.Build.0 = Debug|Any CPU
		{898FB758-7C96-43BF-93F8-4AE39DB17445}.Release|Any CPU.ActiveCfg = Release|Any CPU
		{898FB758-7C96-43BF-93F8-4AE39DB17445}.Release|Any CPU.Build.0 = Release|Any CPU
		{E39600F6-354E-464F-9A6D-5A9EB5363112}.Debug|Any CPU.ActiveCfg = Debug|Any CPU
		{E39600F6-354E-464F-9A6D-5A9EB5363112}.Debug|Any CPU.Build.0 = Debug|Any CPU
		{E39600F6-354E-464F-9A6D-5A9EB5363112}.Release|Any CPU.ActiveCfg = Release|Any CPU
		{E39600F6-354E-464F-9A6D-5A9EB5363112}.Release|Any CPU.Build.0 = Release|Any CPU
		{755138B5-6B51-4F64-B7E3-D921ED9BEE6F}.Debug|Any CPU.ActiveCfg = Debug|Any CPU
		{755138B5-6B51-4F64-B7E3-D921ED9BEE6F}.Debug|Any CPU.Build.0 = Debug|Any CPU
		{755138B5-6B51-4F64-B7E3-D921ED9BEE6F}.Release|Any CPU.ActiveCfg = Release|Any CPU
		{755138B5-6B51-4F64-B7E3-D921ED9BEE6F}.Release|Any CPU.Build.0 = Release|Any CPU
		{F7718F4A-8807-4E53-BA16-5759A38F8AFC}.Debug|Any CPU.ActiveCfg = Debug|Any CPU
		{F7718F4A-8807-4E53-BA16-5759A38F8AFC}.Debug|Any CPU.Build.0 = Debug|Any CPU
		{F7718F4A-8807-4E53-BA16-5759A38F8AFC}.Release|Any CPU.ActiveCfg = Release|Any CPU
		{F7718F4A-8807-4E53-BA16-5759A38F8AFC}.Release|Any CPU.Build.0 = Release|Any CPU
		{4CF25D55-AC60-4BA0-8E62-3C564840ECD4}.Debug|Any CPU.ActiveCfg = Debug|Any CPU
		{4CF25D55-AC60-4BA0-8E62-3C564840ECD4}.Debug|Any CPU.Build.0 = Debug|Any CPU
		{4CF25D55-AC60-4BA0-8E62-3C564840ECD4}.Release|Any CPU.ActiveCfg = Release|Any CPU
		{4CF25D55-AC60-4BA0-8E62-3C564840ECD4}.Release|Any CPU.Build.0 = Release|Any CPU
		{AE6B1FB4-82C1-49BB-8D48-E5AE232FC713}.Debug|Any CPU.ActiveCfg = Debug|Any CPU
		{AE6B1FB4-82C1-49BB-8D48-E5AE232FC713}.Debug|Any CPU.Build.0 = Debug|Any CPU
		{AE6B1FB4-82C1-49BB-8D48-E5AE232FC713}.Release|Any CPU.ActiveCfg = Release|Any CPU
		{AE6B1FB4-82C1-49BB-8D48-E5AE232FC713}.Release|Any CPU.Build.0 = Release|Any CPU
	EndGlobalSection
	GlobalSection(SolutionProperties) = preSolution
		HideSolutionNode = FALSE
	EndGlobalSection
	GlobalSection(ExtensibilityGlobals) = postSolution
		SolutionGuid = {40860247-6DC4-420E-9BC9-894E66CAF43B}
	EndGlobalSection
EndGlobal
